
Microsoft Visual Studio Solution File, Format Version 12.00
# Visual Studio 14
VisualStudioVersion = 14.0.23107.0
MinimumVisualStudioVersion = 10.0.40219.1
Project("{FAE04EC0-301F-11D3-BF4B-00C04F79EFBC}") = "VS无线控制", "VS无线控制\VS无线控制.csproj", "{D9CB8729-FDAB-4146-972E-CDF3B8FB21A4}"
EndProject
Global
	GlobalSection(SolutionConfigurationPlatforms) = preSolution
		Debug|Any CPU = Debug|Any CPU
		Release|Any CPU = Release|Any CPU
	EndGlobalSection
	GlobalSection(ProjectConfigurationPlatforms) = postSolution
		{D9CB8729-FDAB-4146-972E-CDF3B8FB21A4}.Debug|Any CPU.ActiveCfg = Debug|Any CPU
		{D9CB8729-FDAB-4146-972E-CDF3B8FB21A4}.Debug|Any CPU.Build.0 = Debug|Any CPU
		{D9CB8729-FDAB-4146-972E-CDF3B8FB21A4}.Release|Any CPU.ActiveCfg = Release|Any CPU
		{D9CB8729-FDAB-4146-972E-CDF3B8FB21A4}.Release|Any CPU.Build.0 = Release|Any CPU
	EndGlobalSection
	GlobalSection(SolutionProperties) = preSolution
		HideSolutionNode = FALSE
	EndGlobalSection
EndGlobal
